
Microsoft Visual Studio Solution File, Format Version 12.00
# Visual Studio Version 17
VisualStudioVersion = 17.0.32112.339
MinimumVisualStudioVersion = 10.0.40219.1
Project("{9A19103F-16F7-4668-BE54-9A1E7A4F7556}") = "MarsRover.App", "MarsRover.App\MarsRover.App.csproj", "{364C3FA9-5BF8-4C2C-A40A-A8E6620F253C}"
EndProject
Project("{FAE04EC0-301F-11D3-BF4B-00C04F79EFBC}") = "MarsRover.Service", "MarsRover.Service\MarsRover.Service.csproj", "{EC90D0EE-D050-44E9-B45F-CF82909A503A}"
EndProject
Project("{FAE04EC0-301F-11D3-BF4B-00C04F79EFBC}") = "MarsRover.Models", "MarsRover.Models\MarsRover.Models.csproj", "{E73B98DF-5B97-4227-97F2-D31894DC552D}"
EndProject
Project("{FAE04EC0-301F-11D3-BF4B-00C04F79EFBC}") = "MarsRover.Infrastructure", "MarsRover.Infrastructure\MarsRover.Infrastructure.csproj", "{A4C61E47-A2E1-474D-8A84-D5E1095608D9}"
EndProject
Project("{FAE04EC0-301F-11D3-BF4B-00C04F79EFBC}") = "MarsRover.AcceptanceTests", "MarsRover.AcceptanceTests\MarsRover.AcceptanceTests.csproj", "{D736D504-542F-456D-B494-63FB0B3D010B}"
EndProject
Global
	GlobalSection(SolutionConfigurationPlatforms) = preSolution
		Debug|Any CPU = Debug|Any CPU
		Release|Any CPU = Release|Any CPU
	EndGlobalSection
	GlobalSection(ProjectConfigurationPlatforms) = postSolution
		{364C3FA9-5BF8-4C2C-A40A-A8E6620F253C}.Debug|Any CPU.ActiveCfg = Debug|Any CPU
		{364C3FA9-5BF8-4C2C-A40A-A8E6620F253C}.Debug|Any CPU.Build.0 = Debug|Any CPU
		{364C3FA9-5BF8-4C2C-A40A-A8E6620F253C}.Release|Any CPU.ActiveCfg = Release|Any CPU
		{364C3FA9-5BF8-4C2C-A40A-A8E6620F253C}.Release|Any CPU.Build.0 = Release|Any CPU
		{EC90D0EE-D050-44E9-B45F-CF82909A503A}.Debug|Any CPU.ActiveCfg = Debug|Any CPU
		{EC90D0EE-D050-44E9-B45F-CF82909A503A}.Debug|Any CPU.Build.0 = Debug|Any CPU
		{EC90D0EE-D050-44E9-B45F-CF82909A503A}.Release|Any CPU.ActiveCfg = Release|Any CPU
		{EC90D0EE-D050-44E9-B45F-CF82909A503A}.Release|Any CPU.Build.0 = Release|Any CPU
		{E73B98DF-5B97-4227-97F2-D31894DC552D}.Debug|Any CPU.ActiveCfg = Debug|Any CPU
		{E73B98DF-5B97-4227-97F2-D31894DC552D}.Debug|Any CPU.Build.0 = Debug|Any CPU
		{E73B98DF-5B97-4227-97F2-D31894DC552D}.Release|Any CPU.ActiveCfg = Release|Any CPU
		{E73B98DF-5B97-4227-97F2-D31894DC552D}.Release|Any CPU.Build.0 = Release|Any CPU
		{A4C61E47-A2E1-474D-8A84-D5E1095608D9}.Debug|Any CPU.ActiveCfg = Debug|Any CPU
		{A4C61E47-A2E1-474D-8A84-D5E1095608D9}.Debug|Any CPU.Build.0 = Debug|Any CPU
		{A4C61E47-A2E1-474D-8A84-D5E1095608D9}.Release|Any CPU.ActiveCfg = Release|Any CPU
		{A4C61E47-A2E1-474D-8A84-D5E1095608D9}.Release|Any CPU.Build.0 = Release|Any CPU
		{D736D504-542F-456D-B494-63FB0B3D010B}.Debug|Any CPU.ActiveCfg = Debug|Any CPU
		{D736D504-542F-456D-B494-63FB0B3D010B}.Debug|Any CPU.Build.0 = Debug|Any CPU
		{D736D504-542F-456D-B494-63FB0B3D010B}.Release|Any CPU.ActiveCfg = Release|Any CPU
		{D736D504-542F-456D-B494-63FB0B3D010B}.Release|Any CPU.Build.0 = Release|Any CPU
	EndGlobalSection
	GlobalSection(SolutionProperties) = preSolution
		HideSolutionNode = FALSE
	EndGlobalSection
	GlobalSection(ExtensibilityGlobals) = postSolution
		SolutionGuid = {F54FA5D4-EE08-4FC0-B18C-87F0BD2A9338}
	EndGlobalSection
EndGlobal
